
Microsoft Visual Studio Solution File, Format Version 12.00
# Visual Studio Version 17
VisualStudioVersion = 17.5.33502.453
MinimumVisualStudioVersion = 10.0.40219.1
Project("{FAE04EC0-301F-11D3-BF4B-00C04F79EFBC}") = "BlazerTodo", "BlazerTodo.csproj", "{AEE73573-85D4-4DE7-82F1-D94CB17B2657}"
EndProject
Global
	GlobalSection(SolutionConfigurationPlatforms) = preSolution
		Debug|Any CPU = Debug|Any CPU
		Release|Any CPU = Release|Any CPU
	EndGlobalSection
	GlobalSection(ProjectConfigurationPlatforms) = postSolution
		{AEE73573-85D4-4DE7-82F1-D94CB17B2657}.Debug|Any CPU.ActiveCfg = Debug|Any CPU
		{AEE73573-85D4-4DE7-82F1-D94CB17B2657}.Debug|Any CPU.Build.0 = Debug|Any CPU
		{AEE73573-85D4-4DE7-82F1-D94CB17B2657}.Release|Any CPU.ActiveCfg = Release|Any CPU
		{AEE73573-85D4-4DE7-82F1-D94CB17B2657}.Release|Any CPU.Build.0 = Release|Any CPU
	EndGlobalSection
	GlobalSection(SolutionProperties) = preSolution
		HideSolutionNode = FALSE
	EndGlobalSection
	GlobalSection(ExtensibilityGlobals) = postSolution
		SolutionGuid = {240F7B91-CC89-43D5-92B0-EAA84AC3170F}
	EndGlobalSection
EndGlobal
